{
  "version": "5",
  "specifiers": {
    "jsr:@std/assert@1": "1.0.18",
    "jsr:@std/internal@^1.0.12": "1.0.12",
    "npm:@sapphire/decorators@^6.2.0": "6.2.0",
    "npm:@sapphire/discord.js-utilities@^7.3.3": "7.3.3",
    "npm:@sapphire/framework@^5.5.0": "5.5.0",
    "npm:@sapphire/plugin-api@^8.3.1": "8.3.1",
    "npm:@sapphire/plugin-editable-commands@^4.0.4": "4.0.4",
    "npm:@sapphire/plugin-logger@^4.1.0": "4.1.0",
    "npm:@sapphire/plugin-subcommands@^7.0.1": "7.0.1",
    "npm:@sapphire/utilities@^3.18.2": "3.18.2",
    "npm:discord.js@^14.25.1": "14.25.1"
  },
  "jsr": {
    "@std/assert@1.0.18": {
      "integrity": "270245e9c2c13b446286de475131dc688ca9abcd94fc5db41d43a219b34d1c78",
      "dependencies": [
        "jsr:@std/internal"
      ]
    },
    "@std/internal@1.0.12": {
      "integrity": "972a634fd5bc34b242024402972cd5143eac68d8dffaca5eaa4dba30ce17b027"
    }
  },
  "npm": {
    "@discordjs/builders@1.13.1": {
      "integrity": "sha512-cOU0UDHc3lp/5nKByDxkmRiNZBpdp0kx55aarbiAfakfKJHlxv/yFW1zmIqCAmwH5CRlrH9iMFKJMpvW4DPB+w==",
      "dependencies": [
        "@discordjs/formatters",
        "@discordjs/util",
        "@sapphire/shapeshift",
        "discord-api-types",
        "fast-deep-equal",
        "ts-mixer",
        "tslib"
      ]
    },
    "@discordjs/collection@1.5.3": {
      "integrity": "sha512-SVb428OMd3WO1paV3rm6tSjM4wC+Kecaa1EUGX7vc6/fddvw/6lg90z4QtCqm21zvVe92vMMDt9+DkIvjXImQQ=="
    },
    "@discordjs/collection@2.1.1": {
      "integrity": "sha512-LiSusze9Tc7qF03sLCujF5iZp7K+vRNEDBZ86FT9aQAv3vxMLihUvKvpsCWiQ2DJq1tVckopKm1rxomgNUc9hg=="
    },
    "@discordjs/formatters@0.6.2": {
      "integrity": "sha512-y4UPwWhH6vChKRkGdMB4odasUbHOUwy7KL+OVwF86PvT6QVOwElx+TiI1/6kcmcEe+g5YRXJFiXSXUdabqZOvQ==",
      "dependencies": [
        "discord-api-types"
      ]
    },
    "@discordjs/rest@2.6.0": {
      "integrity": "sha512-RDYrhmpB7mTvmCKcpj+pc5k7POKszS4E2O9TYc+U+Y4iaCP+r910QdO43qmpOja8LRr1RJ0b3U+CqVsnPqzf4w==",
      "dependencies": [
        "@discordjs/collection@2.1.1",
        "@discordjs/util",
        "@sapphire/async-queue",
        "@sapphire/snowflake",
        "@vladfrangu/async_event_emitter",
        "discord-api-types",
        "magic-bytes.js",
        "tslib",
        "undici@6.21.3"
      ]
    },
    "@discordjs/util@1.2.0": {
      "integrity": "sha512-3LKP7F2+atl9vJFhaBjn4nOaSWahZ/yWjOvA4e5pnXkt2qyXRCHLxoBQy81GFtLGCq7K9lPm9R517M1U+/90Qg==",
      "dependencies": [
        "discord-api-types"
      ]
    },
    "@discordjs/ws@1.2.3": {
      "integrity": "sha512-wPlQDxEmlDg5IxhJPuxXr3Vy9AjYq5xCvFWGJyD7w7Np8ZGu+Mc+97LCoEc/+AYCo2IDpKioiH0/c/mj5ZR9Uw==",
      "dependencies": [
        "@discordjs/collection@2.1.1",
        "@discordjs/rest",
        "@discordjs/util",
        "@sapphire/async-queue",
        "@types/ws",
        "@vladfrangu/async_event_emitter",
        "discord-api-types",
        "tslib",
        "ws"
      ]
    },
    "@sapphire/async-queue@1.5.5": {
      "integrity": "sha512-cvGzxbba6sav2zZkH8GPf2oGk9yYoD5qrNWdu9fRehifgnFZJMV+nuy2nON2roRO4yQQ+v7MK/Pktl/HgfsUXg=="
    },
    "@sapphire/decorators@6.2.0": {
      "integrity": "sha512-st1DNDCNoZaZYz3fgCA99W87Bhe6XqM8y0G+Z9NBOBEqvOYkVNGcPMDrMiaZrPD9Z471k8fpLqJVUNSuWUx8Hg==",
      "dependencies": [
        "tslib"
      ]
    },
    "@sapphire/discord-utilities@3.5.0": {
      "integrity": "sha512-H4SY5KTVDZrqA5QG7ob6etwqhdOb3TRSY2wv56f0tiobUdIr0irlrYvdmr8Kg/FRxWU+aiHDIISWGG5vBuxOGw==",
      "dependencies": [
        "discord-api-types"
      ]
    },
    "@sapphire/discord-utilities@4.0.0": {
      "integrity": "sha512-QAvrKNHgswz+ZX48WqSYpRiRzQcugNXXB1C3fR1qbpTJGd7Ckr2OWyFK88TyOksi3U2isrk8sMriTcAgaIe7Qg==",
      "dependencies": [
        "discord-api-types"
      ]
    },
    "@sapphire/discord.js-utilities@7.3.3": {
      "integrity": "sha512-WDj+zjWgNCUSvzYDD0wY3TVeTUseHq0Nhk0wVWxSDjY8z2gFEVcpY7wF8/fbTDWP44LUG5sUQ4haIrIj2OjmkQ==",
      "dependencies": [
        "@sapphire/discord-utilities@3.5.0",
        "@sapphire/duration",
        "@sapphire/utilities",
        "tslib"
      ]
    },
    "@sapphire/duration@1.2.0": {
      "integrity": "sha512-LxjOAFXz81WmrI8XX9YaVcAZDjQj/1p78lZCvkAWZB1nphOwz/D0dU3CBejmhOWx5dO5CszTkLJMNR0xuCK+Zg=="
    },
    "@sapphire/framework@5.5.0": {
      "integrity": "sha512-jC+zS8yR/MtJaTFEQutBBWj7Scuvny4d0adtQ3s0OCFWe3rUqNfENomBG3P4tsQ/kRF7L3WCqucyLV8ywG24hw==",
      "dependencies": [
        "@discordjs/builders",
        "@sapphire/discord-utilities@4.0.0",
        "@sapphire/discord.js-utilities",
        "@sapphire/lexure",
        "@sapphire/pieces",
        "@sapphire/ratelimits",
        "@sapphire/result",
        "@sapphire/stopwatch",
        "@sapphire/utilities"
      ]
    },
    "@sapphire/iana-mime-types@1.27.0": {
      "integrity": "sha512-pU5KlVVbffGU+PhIY36+nBgJDNrJjONKDWCvolbMHqFxnyKTB93dxUUkO11/1U9oMK/4dHQFTbAWFmawF0SSWg=="
    },
    "@sapphire/lexure@1.1.12": {
      "integrity": "sha512-F7Z3QzRnAZGunRl24/qQMhzRogZU/foumu2EBBunRnQi/o/DLTCwdAbLgJATyPlvJa8N6FrJq0JJwvzM/vXoXg==",
      "dependencies": [
        "@sapphire/result"
      ]
    },
    "@sapphire/pieces@4.4.1": {
      "integrity": "sha512-2v49P++RzHGb23bdjSa9u7flkdvhrq94IUO9PneY538TILN5QiMxfaXVK+pDR2YR7jpQYBy9APwtFDes2Svykg==",
      "dependencies": [
        "@discordjs/collection@2.1.1",
        "@sapphire/utilities",
        "tslib"
      ]
    },
    "@sapphire/plugin-api@8.3.1": {
      "integrity": "sha512-hDOT/o6UZYhHePFQ9yVNtXqwuW81sxObxEp47w0plqTgRPaAP0mqygG5+DRIaY36WRrSD8YGeLJWxA40rifLmQ==",
      "dependencies": [
        "@sapphire/iana-mime-types",
        "@types/ws",
        "@vladfrangu/async_event_emitter",
        "cookie-es",
        "tldts",
        "undici@7.21.0"
      ]
    },
    "@sapphire/plugin-editable-commands@4.0.4": {
      "integrity": "sha512-1Dd04IjZxYjPWupMJPAyOupWUvYNkhOAUdWhoIBRDRjy6eytOHYYD5TpH8QLXsfgbQNV/ETdWDG0IBVH/Vg/EA==",
      "dependencies": [
        "@skyra/editable-commands"
      ]
    },
    "@sapphire/plugin-logger@4.1.0": {
      "integrity": "sha512-+vLTITQw3DI8+kfDPNJ0yhIK/LrfM/Gro/UFcxgYWLLm+lwNmSpLZxdWe9v7ESXprody7rTp8JXPNBK7UWyE8w==",
      "dependencies": [
        "@sapphire/timestamp",
        "colorette"
      ]
    },
    "@sapphire/plugin-subcommands@7.0.1": {
      "integrity": "sha512-3ngUpfKfcMX4zIlJ4SHLe10N79XU72H+Wdfcnd9ueMf6FOSMJFvVUfqDIp1rb7/iXi7C5dfx0pQqSwqu3UG0KQ==",
      "dependencies": [
        "@sapphire/utilities"
      ]
    },
    "@sapphire/ratelimits@2.4.11": {
      "integrity": "sha512-O6FNA/P0wxU4Ve9gxL948CoZw7+sSpujyUR2CLyLLCNuNvuFGFxPCJVl5crFVLXMIyBIrc2qk+/H9bsqsyQK1Q=="
    },
    "@sapphire/result@2.8.0": {
      "integrity": "sha512-693yWouX+hR9uJm1Jgq0uSSjbSD3UrblMaxiuGbHPjSwzLCSZTcm0h3kvdVhq3o/yl4+oeAWW3hiaJ0TELuRJQ=="
    },
    "@sapphire/shapeshift@4.0.0": {
      "integrity": "sha512-d9dUmWVA7MMiKobL3VpLF8P2aeanRTu6ypG2OIaEv/ZHH/SUQ2iHOVyi5wAPjQ+HmnMuL0whK9ez8I/raWbtIg==",
      "dependencies": [
        "fast-deep-equal",
        "lodash"
      ]
    },
    "@sapphire/snowflake@3.5.3": {
      "integrity": "sha512-jjmJywLAFoWeBi1W7994zZyiNWPIiqRRNAmSERxyg93xRGzNYvGjlZ0gR6x0F4gPRi2+0O6S71kOZYyr3cxaIQ=="
    },
    "@sapphire/stopwatch@1.5.4": {
      "integrity": "sha512-IVI48D2yAz411bSttXyTkBH0p2vhrXoqWLn5loDDSAAEUGkM1r5KNCX2027ifQ8svdoMkUfIGjFueR+satLeWw==",
      "dependencies": [
        "tslib"
      ]
    },
    "@sapphire/timestamp@1.0.5": {
      "integrity": "sha512-oNwWyNdbt5wm4aYZvlHl1+64U3g0xrFmRIHsnER7RgMxNnp/wmAE4yTK2oUHeadg3t4V9iYctPAQCF+aINke4g=="
    },
    "@sapphire/utilities@3.18.2": {
      "integrity": "sha512-QGLdC9+pT74Zd7aaObqn0EUfq40c4dyTL65pFnkM6WO1QYN7Yg/s4CdH+CXmx0Zcu6wcfCWILSftXPMosJHP5A=="
    },
    "@skyra/editable-commands@3.0.4": {
      "integrity": "sha512-wQQqOt/GVnKTY0yfL9AmBCvoNIRa/4COxMDYS/TcQexabdZlIfxG4up2zKz8A1or5+73meDZ/D/SvUav36/V2w=="
    },
    "@types/node@25.2.2": {
      "integrity": "sha512-BkmoP5/FhRYek5izySdkOneRyXYN35I860MFAGupTdebyE66uZaR+bXLHq8k4DirE5DwQi3NuhvRU1jqTVwUrQ==",
      "dependencies": [
        "undici-types"
      ]
    },
    "@types/ws@8.18.1": {
      "integrity": "sha512-ThVF6DCVhA8kUGy+aazFQ4kXQ7E1Ty7A3ypFOe0IcJV8O/M511G99AW24irKrW56Wt44yG9+ij8FaqoBGkuBXg==",
      "dependencies": [
        "@types/node"
      ]
    },
    "@vladfrangu/async_event_emitter@2.4.6": {
      "integrity": "sha512-RaI5qZo6D2CVS6sTHFKg1v5Ohq/+Bo2LZ5gzUEwZ/WkHhwtGTCB/sVLw8ijOkAUxasZ+WshN/Rzj4ywsABJ5ZA=="
    },
    "colorette@2.0.20": {
      "integrity": "sha512-IfEDxwoWIjkeXL1eXcDiow4UbKjhLdq6/EuSVR9GMN7KVH3r9gQ83e73hsz1Nd1T3ijd5xv1wcWRYO+D6kCI2w=="
    },
    "cookie-es@1.2.2": {
      "integrity": "sha512-+W7VmiVINB+ywl1HGXJXmrqkOhpKrIiVZV6tQuV54ZyQC7MMuBt81Vc336GMLoHBq5hV/F9eXgt5Mnx0Rha5Fg=="
    },
    "discord-api-types@0.38.38": {
      "integrity": "sha512-7qcM5IeZrfb+LXW07HvoI5L+j4PQeMZXEkSm1htHAHh4Y9JSMXBWjy/r7zmUCOj4F7zNjMcm7IMWr131MT2h0Q=="
    },
    "discord.js@14.25.1": {
      "integrity": "sha512-2l0gsPOLPs5t6GFZfQZKnL1OJNYFcuC/ETWsW4VtKVD/tg4ICa9x+jb9bkPffkMdRpRpuUaO/fKkHCBeiCKh8g==",
      "dependencies": [
        "@discordjs/builders",
        "@discordjs/collection@1.5.3",
        "@discordjs/formatters",
        "@discordjs/rest",
        "@discordjs/util",
        "@discordjs/ws",
        "@sapphire/snowflake",
        "discord-api-types",
        "fast-deep-equal",
        "lodash.snakecase",
        "magic-bytes.js",
        "tslib",
        "undici@6.21.3"
      ]
    },
    "fast-deep-equal@3.1.3": {
      "integrity": "sha512-f3qQ9oQy9j2AhBe/H9VC91wLmKBCCU/gDOnKNAYG5hswO7BLKj09Hc5HYNz9cGI++xlpDCIgDaitVs03ATR84Q=="
    },
    "lodash.snakecase@4.1.1": {
      "integrity": "sha512-QZ1d4xoBHYUeuouhEq3lk3Uq7ldgyFXGBhg04+oRLnIz8o9T65Eh+8YdroUwn846zchkA9yDsDl5CVVaV2nqYw=="
    },
    "lodash@4.17.23": {
      "integrity": "sha512-LgVTMpQtIopCi79SJeDiP0TfWi5CNEc/L/aRdTh3yIvmZXTnheWpKjSZhnvMl8iXbC1tFg9gdHHDMLoV7CnG+w=="
    },
    "magic-bytes.js@1.13.0": {
      "integrity": "sha512-afO2mnxW7GDTXMm5/AoN1WuOcdoKhtgXjIvHmobqTD1grNplhGdv3PFOyjCVmrnOZBIT/gD/koDKpYG+0mvHcg=="
    },
    "tldts-core@7.0.23": {
      "integrity": "sha512-0g9vrtDQLrNIiCj22HSe9d4mLVG3g5ph5DZ8zCKBr4OtrspmNB6ss7hVyzArAeE88ceZocIEGkyW1Ime7fxPtQ=="
    },
    "tldts@7.0.23": {
      "integrity": "sha512-ASdhgQIBSay0R/eXggAkQ53G4nTJqTXqC2kbaBbdDwM7SkjyZyO0OaaN1/FH7U/yCeqOHDwFO5j8+Os/IS1dXw==",
      "dependencies": [
        "tldts-core"
      ],
      "bin": true
    },
    "ts-mixer@6.0.4": {
      "integrity": "sha512-ufKpbmrugz5Aou4wcr5Wc1UUFWOLhq+Fm6qa6P0w0K5Qw2yhaUoiWszhCVuNQyNwrlGiscHOmqYoAox1PtvgjA=="
    },
    "tslib@2.8.1": {
      "integrity": "sha512-oJFu94HQb+KVduSUQL7wnpmqnfmLsOA/nAh6b6EH0wCEoK0/mPeXU6c3wKDV83MkOuHPRHtSXKKU99IBazS/2w=="
    },
    "undici-types@7.16.0": {
      "integrity": "sha512-Zz+aZWSj8LE6zoxD+xrjh4VfkIG8Ya6LvYkZqtUQGJPZjYl53ypCaUwWqo7eI0x66KBGeRo+mlBEkMSeSZ38Nw=="
    },
    "undici@6.21.3": {
      "integrity": "sha512-gBLkYIlEnSp8pFbT64yFgGE6UIB9tAkhukC23PmMDCe5Nd+cRqKxSjw5y54MK2AZMgZfJWMaNE4nYUHgi1XEOw=="
    },
    "undici@7.21.0": {
      "integrity": "sha512-Hn2tCQpoDt1wv23a68Ctc8Cr/BHpUSfaPYrkajTXOS9IKpxVRx/X5m1K2YkbK2ipgZgxXSgsUinl3x+2YdSSfg=="
    },
    "ws@8.19.0": {
      "integrity": "sha512-blAT2mjOEIi0ZzruJfIhb3nps74PRWTCz1IjglWEEpQl5XS/UNama6u2/rjFkDDouqr4L67ry+1aGIALViWjDg=="
    }
  },
  "workspace": {
    "dependencies": [
      "jsr:@std/assert@1"
    ],
    "packageJson": {
      "dependencies": [
        "npm:@sapphire/decorators@^6.2.0",
        "npm:@sapphire/discord.js-utilities@^7.3.3",
        "npm:@sapphire/framework@^5.5.0",
        "npm:@sapphire/plugin-api@^8.3.1",
        "npm:@sapphire/plugin-editable-commands@^4.0.4",
        "npm:@sapphire/plugin-logger@^4.1.0",
        "npm:@sapphire/plugin-subcommands@^7.0.1",
        "npm:@sapphire/utilities@^3.18.2",
        "npm:discord.js@^14.25.1"
      ]
    }
  }
}
